
Microsoft Visual Studio Solution File, Format Version 12.00
# Visual Studio Version 17
VisualStudioVersion = 17.7.34221.43
MinimumVisualStudioVersion = 10.0.40219.1
Project("{9A19103F-16F7-4668-BE54-9A1E7A4F7556}") = "Portal_PostgreSQL", "Portal_PostgreSQL.csproj", "{CA93AFB6-9A10-48DC-AD5F-8A32829B039D}"
EndProject
Global
	GlobalSection(SolutionConfigurationPlatforms) = preSolution
		Debug|Any CPU = Debug|Any CPU
		Release|Any CPU = Release|Any CPU
	EndGlobalSection
	GlobalSection(ProjectConfigurationPlatforms) = postSolution
		{CA93AFB6-9A10-48DC-AD5F-8A32829B039D}.Debug|Any CPU.ActiveCfg = Debug|Any CPU
		{CA93AFB6-9A10-48DC-AD5F-8A32829B039D}.Debug|Any CPU.Build.0 = Debug|Any CPU
		{CA93AFB6-9A10-48DC-AD5F-8A32829B039D}.Release|Any CPU.ActiveCfg = Release|Any CPU
		{CA93AFB6-9A10-48DC-AD5F-8A32829B039D}.Release|Any CPU.Build.0 = Release|Any CPU
	EndGlobalSection
	GlobalSection(SolutionProperties) = preSolution
		HideSolutionNode = FALSE
	EndGlobalSection
	GlobalSection(ExtensibilityGlobals) = postSolution
		SolutionGuid = {EE9347A3-B5DC-48BE-8B67-D25F8360AE0D}
	EndGlobalSection
EndGlobal
