
Microsoft Visual Studio Solution File, Format Version 12.00
# Visual Studio Version 17
VisualStudioVersion = 17.5.002.0
MinimumVisualStudioVersion = 10.0.40219.1
Project("{9A19103F-16F7-4668-BE54-9A1E7A4F7556}") = "p12Library", "p12Library.csproj", "{F00ABCE1-8310-48FF-9AEE-F473E863CF28}"
EndProject
Global
	GlobalSection(SolutionConfigurationPlatforms) = preSolution
		Debug|Any CPU = Debug|Any CPU
		Release|Any CPU = Release|Any CPU
	EndGlobalSection
	GlobalSection(ProjectConfigurationPlatforms) = postSolution
		{F00ABCE1-8310-48FF-9AEE-F473E863CF28}.Debug|Any CPU.ActiveCfg = Debug|Any CPU
		{F00ABCE1-8310-48FF-9AEE-F473E863CF28}.Debug|Any CPU.Build.0 = Debug|Any CPU
		{F00ABCE1-8310-48FF-9AEE-F473E863CF28}.Release|Any CPU.ActiveCfg = Release|Any CPU
		{F00ABCE1-8310-48FF-9AEE-F473E863CF28}.Release|Any CPU.Build.0 = Release|Any CPU
	EndGlobalSection
	GlobalSection(SolutionProperties) = preSolution
		HideSolutionNode = FALSE
	EndGlobalSection
	GlobalSection(ExtensibilityGlobals) = postSolution
		SolutionGuid = {B7643582-82B3-4817-A004-2B8D97E23887}
	EndGlobalSection
EndGlobal
